# This file was autogenerated by Stack.
# You should not edit this file by hand.
# For more information, please see the documentation at:
#   https://docs.haskellstack.org/en/stable/lock_files

packages: []
snapshots:
- completed:
    size: 630639
    url: https://raw.githubusercontent.com/commercialhaskell/stackage-snapshots/master/nightly/2022/8/17.yaml
    sha256: 473dd7dfec672d63927553cc88b3446e999969840f2bb2e9b050a96fecdf43be
  original:
    url: https://raw.githubusercontent.com/commercialhaskell/stackage-snapshots/master/nightly/2022/8/17.yaml
