# This file was autogenerated by Stack.
# You should not edit this file by hand.
# For more information, please see the documentation at:
#   https://docs.haskellstack.org/en/stable/lock_files

packages:
- completed:
    hackage: profunctors-5.6.2@sha256:4db306297d827cf65a32d9124d6f1a23105479ebb1988783006578bc5d4209da,2377
    pantry-tree:
      size: 1588
      sha256: 5e640a3a4613c8850d19d322b4ec8444345deb0cf4ee020590da82e2d657be26
  original:
    hackage: profunctors-5.6.2
- completed:
    hackage: memory-0.16.0@sha256:3bf01f8267c0ee1745a1c0c4aa0dc311709801e950d605d90b5d1a26e2773e49,4895
    pantry-tree:
      size: 2436
      sha256: 9bd98c34cb359b7f8cdc3ad900ec903461b4d785de7c03575f809980acc84073
  original:
    hackage: memory-0.16.0
- completed:
    hackage: cryptonite-0.29@sha256:147724f6a8e4394fcbd51bf52aba7a8b92d3fc8f42055cd6ca9486655e2ab614,18312
    pantry-tree:
      size: 23323
      sha256: 087de3ed0552cfb1f84d03629b0f98c77aadc076b85bb5cb787f77c5e5dac136
  original:
    hackage: cryptonite-0.29
snapshots:
- completed:
    size: 586886
    url: https://raw.githubusercontent.com/commercialhaskell/stackage-snapshots/master/nightly/2021/5/28.yaml
    sha256: 673ae9b7dd401bb919e26fc67eceff525d7330497b8de6f840bc0e13404b854c
  original:
    url: https://raw.githubusercontent.com/commercialhaskell/stackage-snapshots/master/nightly/2021/5/28.yaml
